
Microsoft Visual Studio Solution File, Format Version 12.00
# Visual Studio Version 16
VisualStudioVersion = 16.0.29001.49
MinimumVisualStudioVersion = 10.0.40219.1
Project("{FAE04EC0-301F-11D3-BF4B-00C04F79EFBC}") = "Pomodoro_CSharp", "Pomodoro_CSharp\Pomodoro_CSharp.csproj", "{4BAE715D-8E9E-49BA-B08A-D3DBB80F3016}"
EndProject
Global
	GlobalSection(SolutionConfigurationPlatforms) = preSolution
		Debug|Any CPU = Debug|Any CPU
		Release|Any CPU = Release|Any CPU
	EndGlobalSection
	GlobalSection(ProjectConfigurationPlatforms) = postSolution
		{4BAE715D-8E9E-49BA-B08A-D3DBB80F3016}.Debug|Any CPU.ActiveCfg = Debug|Any CPU
		{4BAE715D-8E9E-49BA-B08A-D3DBB80F3016}.Debug|Any CPU.Build.0 = Debug|Any CPU
		{4BAE715D-8E9E-49BA-B08A-D3DBB80F3016}.Release|Any CPU.ActiveCfg = Release|Any CPU
		{4BAE715D-8E9E-49BA-B08A-D3DBB80F3016}.Release|Any CPU.Build.0 = Release|Any CPU
	EndGlobalSection
	GlobalSection(SolutionProperties) = preSolution
		HideSolutionNode = FALSE
	EndGlobalSection
	GlobalSection(ExtensibilityGlobals) = postSolution
		SolutionGuid = {A95C8EE3-659F-4DEB-9363-14D4E4B39A0A}
	EndGlobalSection
EndGlobal
